
Microsoft Visual Studio Solution File, Format Version 12.00
# Visual Studio Version 17
VisualStudioVersion = 17.9.34607.119
MinimumVisualStudioVersion = 10.0.40219.1
Project("{FAE04EC0-301F-11D3-BF4B-00C04F79EFBC}") = "MyCalculator", "MyCalculator\MyCalculator.csproj", "{B099F341-C197-46AB-86A4-73092956A6D3}"
EndProject
Project("{FAE04EC0-301F-11D3-BF4B-00C04F79EFBC}") = "TemertsaCalclator", "..\TemertsaCalclator\TemertsaCalclator\TemertsaCalclator.csproj", "{4AFD809E-BF3A-448E-9539-5D465AD03156}"
EndProject
Global
	GlobalSection(SolutionConfigurationPlatforms) = preSolution
		Debug|Any CPU = Debug|Any CPU
		Release|Any CPU = Release|Any CPU
	EndGlobalSection
	GlobalSection(ProjectConfigurationPlatforms) = postSolution
		{B099F341-C197-46AB-86A4-73092956A6D3}.Debug|Any CPU.ActiveCfg = Debug|Any CPU
		{B099F341-C197-46AB-86A4-73092956A6D3}.Debug|Any CPU.Build.0 = Debug|Any CPU
		{B099F341-C197-46AB-86A4-73092956A6D3}.Release|Any CPU.ActiveCfg = Release|Any CPU
		{B099F341-C197-46AB-86A4-73092956A6D3}.Release|Any CPU.Build.0 = Release|Any CPU
		{4AFD809E-BF3A-448E-9539-5D465AD03156}.Debug|Any CPU.ActiveCfg = Debug|Any CPU
		{4AFD809E-BF3A-448E-9539-5D465AD03156}.Debug|Any CPU.Build.0 = Debug|Any CPU
		{4AFD809E-BF3A-448E-9539-5D465AD03156}.Release|Any CPU.ActiveCfg = Release|Any CPU
		{4AFD809E-BF3A-448E-9539-5D465AD03156}.Release|Any CPU.Build.0 = Release|Any CPU
	EndGlobalSection
	GlobalSection(SolutionProperties) = preSolution
		HideSolutionNode = FALSE
	EndGlobalSection
	GlobalSection(ExtensibilityGlobals) = postSolution
		SolutionGuid = {53E5BE38-69A0-487B-B400-5FE78BFAA303}
	EndGlobalSection
EndGlobal
